#MicroXplorer Configuration settings - do not modify
Mcu.Family=STM32F4
NVIC.USART3_IRQn=true\:0\:0\:false\:false\:true\:true\:true
ProjectManager.MainLocation=Core/Src
Dma.USART6_RX.5.FIFOMode=DMA_FIFOMODE_DISABLE
PH0-OSC_IN.Signal=RCC_OSC_IN
USART2.IPParameters=VirtualMode,BaudRate
RCC.CortexFreq_Value=168000000
TIM2.Channel-Input_Capture1_from_TI1=TIM_CHANNEL_1
Dma.USART3_TX.4.Priority=DMA_PRIORITY_HIGH
NVIC.CAN2_RX0_IRQn=true\:0\:0\:false\:false\:true\:true\:true
ProjectManager.KeepUserCode=true
Mcu.UserName=STM32F405RGTx
Dma.USART6_RX.5.Priority=DMA_PRIORITY_LOW
Dma.USART2_TX.1.MemInc=DMA_MINC_ENABLE
USART1.BaudRate=100000
PC10.Locked=true
RCC.PLLCLKFreq_Value=168000000
PC10.Signal=USART3_TX
USART1.WordLength=WORDLENGTH_9B
Dma.USART1_RX.2.Instance=DMA2_Stream2
RCC.PLLQCLKFreq_Value=84000000
ProjectManager.functionlistsort=1-MX_GPIO_Init-GPIO-false-HAL-true,2-MX_DMA_Init-DMA-false-HAL-true,3-SystemClock_Config-RCC-false-HAL-false,4-MX_CAN1_Init-CAN1-false-HAL-true,5-MX_TIM3_Init-TIM3-false-HAL-true,6-MX_USART2_UART_Init-USART2-false-HAL-true,7-MX_USART1_UART_Init-USART1-false-HAL-true,8-MX_TIM2_Init-TIM2-false-HAL-true,9-MX_TIM4_Init-TIM4-false-HAL-true,10-MX_USART3_UART_Init-USART3-false-HAL-true,11-MX_USART6_UART_Init-USART6-false-HAL-true,12-MX_CAN2_Init-CAN2-false-HAL-true
PC0.GPIOParameters=PinState,GPIO_PuPd,GPIO_Label
PC0.GPIO_Label=LED_RED
PA11.Mode=Master
RCC.RTCFreq_Value=32000
Dma.USART6_TX.6.MemDataAlignment=DMA_MDATAALIGN_BYTE
PB0.GPIO_Label=KEY
USART1.IPParameters=VirtualMode,BaudRate,Parity,Mode,WordLength
PC1.Locked=true
Dma.USART6_RX.5.PeriphDataAlignment=DMA_PDATAALIGN_BYTE
PB13.Signal=CAN2_TX
Dma.USART2_TX.1.RequestParameters=Instance,Direction,PeriphInc,MemInc,PeriphDataAlignment,MemDataAlignment,Mode,Priority,FIFOMode
Dma.USART3_RX.3.Mode=DMA_NORMAL
PinOutPanel.RotationAngle=0
RCC.SYSCLKSource=RCC_SYSCLKSOURCE_PLLCLK
ProjectManager.StackSize=0x400
Dma.USART6_TX.6.RequestParameters=Instance,Direction,PeriphInc,MemInc,PeriphDataAlignment,MemDataAlignment,Mode,Priority,FIFOMode
Dma.USART6_RX.5.MemInc=DMA_MINC_ENABLE
Dma.USART3_RX.3.MemDataAlignment=DMA_MDATAALIGN_BYTE
Mcu.IP4=RCC
RCC.FCLKCortexFreq_Value=168000000
Mcu.IP5=SYS
Mcu.IP2=DMA
NVIC.SVCall_IRQn=true\:0\:0\:false\:false\:true\:false\:false
Mcu.IP3=NVIC
Mcu.IP0=CAN1
Mcu.IP1=CAN2
PA12.Signal=CAN1_TX
USART3.BaudRate=9600
Mcu.UserConstants=
SH.S_TIM3_CH2.ConfNb=1
Dma.USART3_RX.3.PeriphDataAlignment=DMA_PDATAALIGN_BYTE
PC1.GPIOParameters=PinState,GPIO_PuPd,GPIO_Label
Dma.USART2_RX.0.Priority=DMA_PRIORITY_LOW
Mcu.ThirdPartyNb=0
Dma.USART2_RX.0.PeriphDataAlignment=DMA_PDATAALIGN_BYTE
Dma.USART6_RX.5.Instance=DMA2_Stream1
RCC.HCLKFreq_Value=168000000
Mcu.IPNb=13
RCC.I2SClocksFreq_Value=192000000
TIM2.IPParameters=Channel-Input_Capture1_from_TI1,Prescaler,Period
ProjectManager.PreviousToolchain=
RCC.APB2TimFreq_Value=168000000
TIM3.Period=999
Dma.USART3_TX.4.MemDataAlignment=DMA_MDATAALIGN_BYTE
Dma.USART6_TX.6.PeriphInc=DMA_PINC_DISABLE
RCC.VcooutputI2S=192000000
PC7.Signal=USART6_RX
Dma.USART2_TX.1.Mode=DMA_NORMAL
Mcu.Pin6=PA3
Mcu.Pin7=PA6
VP_TIM2_VS_ClockSourceINT.Signal=TIM2_VS_ClockSourceINT
Mcu.Pin8=PA7
Mcu.Pin9=PB0
PC1.PinState=GPIO_PIN_SET
RCC.AHBFreq_Value=168000000
PH0-OSC_IN.Mode=HSE-External-Oscillator
Mcu.Pin0=PH0-OSC_IN
Mcu.Pin1=PH1-OSC_OUT
GPIO.groupedBy=Group By Peripherals
Mcu.Pin2=PC0
Mcu.Pin3=PC1
PA0-WKUP.GPIOParameters=GPIO_PuPd
Mcu.Pin4=PA0-WKUP
Mcu.Pin5=PA2
ProjectManager.ProjectBuild=false
RCC.HSE_VALUE=8000000
TIM3.Channel-Input_Capture1_from_TI1=TIM_CHANNEL_1
NVIC.UsageFault_IRQn=true\:0\:0\:false\:false\:true\:false\:false
NVIC.DebugMonitor_IRQn=true\:0\:0\:false\:false\:true\:false\:false
Dma.USART3_RX.3.Instance=DMA1_Stream1
Mcu.IP10=USART2
PC1.GPIO_PuPd=GPIO_PULLUP
NVIC.SysTick_IRQn=true\:0\:0\:false\:false\:true\:false\:true
Mcu.IP12=USART6
Mcu.IP11=USART3
Dma.USART6_RX.5.RequestParameters=Instance,Direction,PeriphInc,MemInc,PeriphDataAlignment,MemDataAlignment,Mode,Priority,FIFOMode
ProjectManager.FirmwarePackage=STM32Cube FW_F4 V1.25.1
MxDb.Version=DB.6.0.0
PB0.GPIOParameters=GPIO_Label
PA6.GPIO_PuPd=GPIO_PULLUP
ProjectManager.BackupPrevious=false
Dma.USART2_RX.0.MemDataAlignment=DMA_MDATAALIGN_BYTE
RCC.VCOInputFreq_Value=2000000
PA14.Mode=Serial_Wire
CAN2.Prescaler=3
Dma.USART2_TX.1.Instance=DMA1_Stream6
TIM3.Prescaler=84-1
NVIC.TIM2_IRQn=true\:0\:0\:false\:false\:true\:true\:true
File.Version=6
Dma.USART2_RX.0.Instance=DMA1_Stream5
Dma.USART6_TX.6.PeriphDataAlignment=DMA_PDATAALIGN_BYTE
Dma.USART3_RX.3.PeriphInc=DMA_PINC_DISABLE
NVIC.PendSV_IRQn=true\:0\:0\:false\:false\:true\:false\:false
SH.S_TIM3_CH1.0=TIM3_CH1,Input_Capture1_from_TI1
TIM4.Period=1000-1
Dma.USART3_TX.4.Direction=DMA_MEMORY_TO_PERIPH
Dma.RequestsNb=7
ProjectManager.HalAssertFull=false
PB0.Locked=true
ProjectManager.ProjectName=miniChassis
PH1-OSC_OUT.Mode=HSE-External-Oscillator
RCC.MCO2PinFreq_Value=168000000
CAN1.Prescaler=3
Mcu.Package=LQFP64
TIM2.Prescaler=84-1
PA6.Signal=S_TIM3_CH1
PB12.Mode=Slave
CAN2.BS1=CAN_BS1_7TQ
Dma.USART6_RX.5.PeriphInc=DMA_PINC_DISABLE
CAN2.BS2=CAN_BS2_6TQ
Dma.USART2_RX.0.PeriphInc=DMA_PINC_DISABLE
USART2.VirtualMode=VM_ASYNC
USART6.VirtualMode=VM_ASYNC
Dma.USART2_RX.0.FIFOMode=DMA_FIFOMODE_DISABLE
ProjectManager.ToolChainLocation=
Dma.USART6_RX.5.Mode=DMA_NORMAL
RCC.LSI_VALUE=32000
SH.GPXTI0.0=GPIO_EXTI0
VP_SYS_VS_Systick.Signal=SYS_VS_Systick
USART3.IPParameters=VirtualMode,BaudRate
PA10.Signal=USART1_RX
Dma.USART3_RX.3.RequestParameters=Instance,Direction,PeriphInc,MemInc,PeriphDataAlignment,MemDataAlignment,Mode,Priority,FIFOMode
USART6.BaudRate=9600
PC11.Mode=Asynchronous
Dma.USART3_TX.4.Instance=DMA1_Stream3
Dma.USART3_RX.3.MemInc=DMA_MINC_ENABLE
RCC.APB2CLKDivider=RCC_HCLK_DIV2
NVIC.DMA2_Stream2_IRQn=true\:0\:0\:false\:false\:true\:false\:true
Dma.Request2=USART1_RX
Dma.Request1=USART2_TX
RCC.APB1TimFreq_Value=84000000
Dma.Request4=USART3_TX
Dma.Request3=USART3_RX
NVIC.BusFault_IRQn=true\:0\:0\:false\:false\:true\:false\:false
Dma.Request6=USART6_TX
Dma.Request5=USART6_RX
PB13.Mode=Slave
PC0.GPIO_PuPd=GPIO_PULLUP
NVIC.USART1_IRQn=true\:0\:0\:false\:false\:true\:true\:true
Dma.Request0=USART2_RX
NVIC.DMA1_Stream6_IRQn=true\:0\:0\:false\:false\:true\:false\:true
ProjectManager.CustomerFirmwarePackage=
PC0.PinState=GPIO_PIN_SET
VP_TIM3_VS_ClockSourceINT.Mode=Internal
Dma.USART1_RX.2.MemDataAlignment=DMA_MDATAALIGN_BYTE
PA3.Signal=USART2_RX
CAN1.CalculateTimeQuantum=71.42857142857143
Dma.USART3_TX.4.FIFOMode=DMA_FIFOMODE_DISABLE
PA6.GPIOParameters=GPIO_PuPd
RCC.PLLSourceVirtual=RCC_PLLSOURCE_HSE
Dma.USART3_TX.4.PeriphInc=DMA_PINC_DISABLE
Dma.USART3_TX.4.RequestParameters=Instance,Direction,PeriphInc,MemInc,PeriphDataAlignment,MemDataAlignment,Mode,Priority,FIFOMode
Dma.USART2_TX.1.Priority=DMA_PRIORITY_LOW
Dma.USART6_TX.6.Direction=DMA_MEMORY_TO_PERIPH
Dma.USART6_TX.6.MemInc=DMA_MINC_ENABLE
Dma.USART3_RX.3.Direction=DMA_PERIPH_TO_MEMORY
NVIC.CAN2_TX_IRQn=true\:0\:0\:false\:false\:true\:true\:true
ProjectManager.ProjectFileName=miniChassis.ioc
TIM3.Channel-Input_Capture2_from_TI2=TIM_CHANNEL_2
PA10.Mode=Asynchronous
Mcu.PinsNb=26
Dma.USART2_TX.1.FIFOMode=DMA_FIFOMODE_DISABLE
TIM3.AutoReloadPreload=TIM_AUTORELOAD_PRELOAD_ENABLE
ProjectManager.NoMain=false
PC11.Locked=true
USART6.IPParameters=VirtualMode,BaudRate
Dma.USART3_TX.4.MemInc=DMA_MINC_ENABLE
PC11.Signal=USART3_RX
CAN1.IPParameters=CalculateTimeQuantum,BS1,Prescaler,BS2
CAN2.IPParameters=CalculateTimeQuantum,BS1,BS2,Prescaler
PC6.Signal=USART6_TX
PC10.Mode=Asynchronous
Dma.USART2_RX.0.Direction=DMA_PERIPH_TO_MEMORY
SH.GPXTI0.ConfNb=1
ProjectManager.DefaultFWLocation=true
NVIC.DMA1_Stream1_IRQn=true\:0\:0\:false\:false\:true\:false\:true
NVIC.DMA2_Stream1_IRQn=true\:0\:0\:false\:false\:true\:false\:true
ProjectManager.DeletePrevious=true
PC0.Signal=GPIO_Output
RCC.APB1CLKDivider=RCC_HCLK_DIV4
Dma.USART2_TX.1.PeriphDataAlignment=DMA_PDATAALIGN_BYTE
Dma.USART1_RX.2.PeriphInc=DMA_PINC_DISABLE
NVIC.USART2_IRQn=true\:0\:0\:false\:false\:true\:true\:true
USART2.BaudRate=9600
SH.S_TIM2_CH1_ETR.ConfNb=1
RCC.FamilyName=M
PA0-WKUP.Signal=S_TIM2_CH1_ETR
Dma.USART2_RX.0.Mode=DMA_NORMAL
NVIC.USART6_IRQn=true\:0\:0\:false\:false\:true\:true\:true
PA3.Mode=Asynchronous
PA13.Signal=SYS_JTMS-SWDIO
Dma.USART6_TX.6.Priority=DMA_PRIORITY_LOW
PA9.Mode=Asynchronous
CAN1.BS2=CAN_BS2_6TQ
VP_TIM4_VS_ClockSourceINT.Signal=TIM4_VS_ClockSourceINT
CAN1.BS1=CAN_BS1_7TQ
ProjectManager.TargetToolchain=MDK-ARM V5.27
TIM4.IPParameters=Prescaler,Period
NVIC.DMA1_Stream5_IRQn=true\:0\:0\:false\:false\:true\:false\:true
Dma.USART1_RX.2.Mode=DMA_NORMAL
PC6.Mode=Asynchronous
Dma.USART1_RX.2.PeriphDataAlignment=DMA_PDATAALIGN_BYTE
Dma.USART3_RX.3.FIFOMode=DMA_FIFOMODE_DISABLE
PA9.Signal=USART1_TX
USART1.Parity=PARITY_EVEN
ProjectManager.RegisterCallBack=
VP_TIM3_VS_ClockSourceINT.Signal=TIM3_VS_ClockSourceINT
NVIC.DMA2_Stream6_IRQn=true\:0\:0\:false\:false\:true\:false\:true
TIM4.Prescaler=84-1
RCC.LSE_VALUE=32768
PA7.GPIO_PuPd=GPIO_PULLUP
RCC.VCOI2SOutputFreq_Value=384000000
SH.S_TIM3_CH2.0=TIM3_CH2,Input_Capture2_from_TI2
Dma.USART3_TX.4.PeriphDataAlignment=DMA_PDATAALIGN_BYTE
Dma.USART2_TX.1.PeriphInc=DMA_PINC_DISABLE
board=custom
Dma.USART1_RX.2.FIFOMode=DMA_FIFOMODE_DISABLE
RCC.VCOOutputFreq_Value=336000000
ProjectManager.LastFirmware=true
Dma.USART1_RX.2.Priority=DMA_PRIORITY_VERY_HIGH
NVIC.TIM3_IRQn=true\:0\:0\:false\:false\:true\:true\:true
Dma.USART2_TX.1.Direction=DMA_MEMORY_TO_PERIPH
RCC.APB2Freq_Value=84000000
Dma.USART1_RX.2.Direction=DMA_PERIPH_TO_MEMORY
Dma.USART6_RX.5.MemDataAlignment=DMA_MDATAALIGN_BYTE
MxCube.Version=6.0.1
USART1.Mode=MODE_RX
VP_TIM2_VS_ClockSourceINT.Mode=Internal
VP_SYS_VS_Systick.Mode=SysTick
PC1.GPIO_Label=LED_GREEN
RCC.EthernetFreq_Value=168000000
CAN2.CalculateTimeQuantum=71.42857142857143
TIM3.IPParameters=Prescaler,Period,AutoReloadPreload,Channel-Input_Capture1_from_TI1,Channel-Input_Capture2_from_TI2
PH1-OSC_OUT.Signal=RCC_OSC_OUT
NVIC.NonMaskableInt_IRQn=true\:0\:0\:false\:false\:true\:false\:false
TIM2.Period=0xFFFF
Dma.USART6_TX.6.Mode=DMA_NORMAL
PA13.Mode=Serial_Wire
Dma.USART6_RX.5.Direction=DMA_PERIPH_TO_MEMORY
ProjectManager.FreePins=false
RCC.IPParameters=48MHZClocksFreq_Value,AHBFreq_Value,APB1CLKDivider,APB1Freq_Value,APB1TimFreq_Value,APB2CLKDivider,APB2Freq_Value,APB2TimFreq_Value,CortexFreq_Value,EthernetFreq_Value,FCLKCortexFreq_Value,FamilyName,HCLKFreq_Value,HSE_VALUE,HSI_VALUE,I2SClocksFreq_Value,LSE_VALUE,LSI_VALUE,MCO2PinFreq_Value,PLLCLKFreq_Value,PLLM,PLLN,PLLQCLKFreq_Value,PLLSourceVirtual,RTCFreq_Value,RTCHSEDivFreq_Value,SYSCLKFreq_VALUE,SYSCLKSource,VCOI2SOutputFreq_Value,VCOInputFreq_Value,VCOOutputFreq_Value,VcooutputI2S
ProjectManager.AskForMigrate=true
Mcu.Name=STM32F405RGTx
Dma.USART2_RX.0.MemInc=DMA_MINC_ENABLE
Dma.USART1_RX.2.MemInc=DMA_MINC_ENABLE
RCC.RTCHSEDivFreq_Value=4000000
PA2.Signal=USART2_TX
Mcu.Pin24=VP_TIM3_VS_ClockSourceINT
ProjectManager.UnderRoot=false
Mcu.Pin25=VP_TIM4_VS_ClockSourceINT
Mcu.IP8=TIM4
Mcu.IP9=USART1
Mcu.IP6=TIM2
Mcu.IP7=TIM3
ProjectManager.CoupleFile=true
RCC.48MHZClocksFreq_Value=84000000
NVIC.EXTI0_IRQn=true\:0\:0\:false\:false\:true\:true\:true
RCC.SYSCLKFreq_VALUE=168000000
Mcu.Pin22=VP_SYS_VS_Systick
Mcu.Pin23=VP_TIM2_VS_ClockSourceINT
Mcu.Pin20=PC10
Mcu.Pin21=PC11
PA12.Mode=Master
Dma.USART3_TX.4.Mode=DMA_NORMAL
NVIC.ForceEnableDMAVector=true
KeepUserPlacement=false
USART3.VirtualMode=VM_ASYNC
NVIC.MemoryManagement_IRQn=true\:0\:0\:false\:false\:true\:false\:false
USART1.VirtualMode=VM_ASYNC
ProjectManager.CompilerOptimize=6
PA11.Signal=CAN1_RX
SH.S_TIM2_CH1_ETR.0=TIM2_CH1,Input_Capture1_from_TI1
PA14.Signal=SYS_JTCK-SWCLK
ProjectManager.HeapSize=0x200
Mcu.Pin15=PA10
NVIC.HardFault_IRQn=true\:0\:0\:false\:false\:true\:false\:false
Mcu.Pin16=PA11
Mcu.Pin13=PC7
Dma.USART6_TX.6.FIFOMode=DMA_FIFOMODE_DISABLE
Mcu.Pin14=PA9
Mcu.Pin19=PA14
SH.S_TIM3_CH1.ConfNb=1
ProjectManager.ComputerToolchain=false
Mcu.Pin17=PA12
RCC.HSI_VALUE=16000000
Mcu.Pin18=PA13
VP_TIM4_VS_ClockSourceINT.Mode=Internal
NVIC.PriorityGroup=NVIC_PRIORITYGROUP_4
Mcu.Pin11=PB13
Mcu.Pin12=PC6
RCC.PLLM=4
RCC.PLLN=168
Mcu.Pin10=PB12
Dma.USART1_RX.2.RequestParameters=Instance,Direction,PeriphInc,MemInc,PeriphDataAlignment,MemDataAlignment,Mode,Priority,FIFOMode
PA2.Mode=Asynchronous
PA0-WKUP.GPIO_PuPd=GPIO_PULLUP
Dma.USART3_RX.3.Priority=DMA_PRIORITY_HIGH
NVIC.DMA1_Stream3_IRQn=true\:0\:0\:false\:false\:true\:false\:true
Dma.USART2_TX.1.MemDataAlignment=DMA_MDATAALIGN_BYTE
PC7.Mode=Asynchronous
Dma.USART6_TX.6.Instance=DMA2_Stream6
NVIC.TIM4_IRQn=true\:0\:0\:false\:false\:true\:true\:true
RCC.APB1Freq_Value=42000000
PB0.Signal=GPXTI0
Dma.USART2_RX.0.RequestParameters=Instance,Direction,PeriphInc,MemInc,PeriphDataAlignment,MemDataAlignment,Mode,Priority,FIFOMode
PA7.GPIOParameters=GPIO_PuPd
PC0.Locked=true
ProjectManager.DeviceId=STM32F405RGTx
PC1.Signal=GPIO_Output
PB12.Signal=CAN2_RX
ProjectManager.LibraryCopy=1
NVIC.CAN1_RX0_IRQn=true\:0\:0\:false\:false\:true\:true\:true
PA7.Signal=S_TIM3_CH2
