#MicroXplorer Configuration settings - do not modify
Mcu.Family=STM32F4
ProjectManager.MainLocation=Core/Src
ProjectManager.ProjectFileName=door.ioc
PH0-OSC_IN.Signal=RCC_OSC_IN
RCC.CortexFreq_Value=16000000
ProjectManager.KeepUserCode=true
Mcu.UserName=STM32F405ZGTx
Mcu.PinsNb=5
ProjectManager.NoMain=false
RCC.PLLCLKFreq_Value=96000000
RCC.PLLQCLKFreq_Value=48000000
ProjectManager.functionlistsort=1-MX_GPIO_Init-GPIO-false-HAL-true,2-SystemClock_Config-RCC-false-HAL-false,3-MX_TIM2_Init-TIM2-false-HAL-true
RCC.RTCFreq_Value=32000
ProjectManager.DefaultFWLocation=true
ProjectManager.DeletePrevious=true
PinOutPanel.RotationAngle=0
RCC.FamilyName=M
ProjectManager.StackSize=0x400
SH.GPXTI13.0=GPIO_EXTI13
Mcu.IP2=SYS
NVIC.SVCall_IRQn=true\:0\:0\:false\:false\:true\:false\:false
Mcu.IP3=TIM2
Mcu.IP0=NVIC
Mcu.IP1=RCC
Mcu.UserConstants=
ProjectManager.TargetToolchain=MDK-ARM V5.27
SH.GPXTI13.ConfNb=1
Mcu.ThirdPartyNb=0
Mcu.IPNb=4
RCC.I2SClocksFreq_Value=96000000
ProjectManager.PreviousToolchain=
RCC.VcooutputI2S=96000000
VP_TIM2_VS_ClockSourceINT.Signal=TIM2_VS_ClockSourceINT
ProjectManager.RegisterCallBack=
RCC.LSE_VALUE=32768
RCC.AHBFreq_Value=16000000
PH0-OSC_IN.Mode=HSE-External-Oscillator
Mcu.Pin0=PC13-ANTI_TAMP
Mcu.Pin1=PH0-OSC_IN
GPIO.groupedBy=Group By Peripherals
Mcu.Pin2=PH1-OSC_OUT
Mcu.Pin3=VP_SYS_VS_Systick
Mcu.Pin4=VP_TIM2_VS_ClockSourceINT
NVIC.EXTI15_10_IRQn=true\:1\:0\:true\:false\:true\:true\:true
RCC.VCOI2SOutputFreq_Value=192000000
ProjectManager.ProjectBuild=false
RCC.HSE_VALUE=25000000
NVIC.UsageFault_IRQn=true\:0\:0\:false\:false\:true\:false\:false
NVIC.DebugMonitor_IRQn=true\:0\:0\:false\:false\:true\:false\:false
board=custom
PC13-ANTI_TAMP.Signal=GPXTI13
RCC.VCOOutputFreq_Value=192000000
PC13-ANTI_TAMP.Locked=true
NVIC.SysTick_IRQn=true\:0\:0\:false\:false\:true\:false\:true
ProjectManager.LastFirmware=true
ProjectManager.FirmwarePackage=STM32Cube FW_F4 V1.25.2
MxDb.Version=DB.6.0.10
RCC.APB2Freq_Value=16000000
ProjectManager.BackupPrevious=false
MxCube.Version=6.1.0
RCC.VCOInputFreq_Value=1000000
VP_TIM2_VS_ClockSourceINT.Mode=Internal
NVIC.TIM2_IRQn=true\:1\:0\:true\:false\:true\:true\:true
File.Version=6
VP_SYS_VS_Systick.Mode=SysTick
PH1-OSC_OUT.Signal=RCC_OSC_OUT
NVIC.NonMaskableInt_IRQn=true\:0\:0\:false\:false\:true\:false\:false
NVIC.PendSV_IRQn=true\:0\:0\:false\:false\:true\:false\:false
ProjectManager.FreePins=false
RCC.IPParameters=AHBFreq_Value,APB1Freq_Value,APB2Freq_Value,CortexFreq_Value,FamilyName,HSE_VALUE,HSI_VALUE,I2SClocksFreq_Value,LSE_VALUE,LSI_VALUE,PLLCLKFreq_Value,PLLQCLKFreq_Value,RTCFreq_Value,RTCHSEDivFreq_Value,SYSCLKFreq_VALUE,VCOI2SOutputFreq_Value,VCOInputFreq_Value,VCOOutputFreq_Value,VcooutputI2S
ProjectManager.AskForMigrate=true
Mcu.Name=STM32F405ZGTx
ProjectManager.HalAssertFull=false
RCC.RTCHSEDivFreq_Value=12500000
ProjectManager.ProjectName=door
ProjectManager.UnderRoot=false
ProjectManager.CoupleFile=true
PH1-OSC_OUT.Mode=HSE-External-Oscillator
RCC.SYSCLKFreq_VALUE=16000000
Mcu.Package=LQFP144
NVIC.ForceEnableDMAVector=true
KeepUserPlacement=false
NVIC.MemoryManagement_IRQn=true\:0\:0\:false\:false\:true\:false\:false
ProjectManager.CompilerOptimize=6
PC13-ANTI_TAMP.GPIO_ModeDefaultEXTI=GPIO_MODE_IT_RISING_FALLING
ProjectManager.ToolChainLocation=
RCC.LSI_VALUE=32000
VP_SYS_VS_Systick.Signal=SYS_VS_Systick
ProjectManager.HeapSize=0x200
NVIC.HardFault_IRQn=true\:0\:0\:false\:false\:true\:false\:false
ProjectManager.ComputerToolchain=false
RCC.HSI_VALUE=16000000
NVIC.PriorityGroup=NVIC_PRIORITYGROUP_2
NVIC.BusFault_IRQn=true\:0\:0\:false\:false\:true\:false\:false
RCC.APB1Freq_Value=16000000
ProjectManager.CustomerFirmwarePackage=
ProjectManager.DeviceId=STM32F405ZGTx
ProjectManager.LibraryCopy=0
PC13-ANTI_TAMP.GPIOParameters=GPIO_ModeDefaultEXTI
